
Microsoft Visual Studio Solution File, Format Version 12.00
# Visual Studio 15
VisualStudioVersion = 15.0.27428.2011
MinimumVisualStudioVersion = 10.0.40219.1
Project("{8BC9CEB8-8B4A-11D0-8D11-00A0C91BC942}") = "part1", "ConsoleApplication4\ConsoleApplication4.vcxproj", "{B8B5AA63-97DC-4359-BC01-FFD4B14E33CA}"
EndProject
Project("{8BC9CEB8-8B4A-11D0-8D11-00A0C91BC942}") = "part2", "part2\part2.vcxproj", "{B9FAD93D-D5B6-4879-9BE1-DD128267FCBE}"
EndProject
Global
	GlobalSection(SolutionConfigurationPlatforms) = preSolution
		Debug|x64 = Debug|x64
		Debug|x86 = Debug|x86
		Release|x64 = Release|x64
		Release|x86 = Release|x86
	EndGlobalSection
	GlobalSection(ProjectConfigurationPlatforms) = postSolution
		{B8B5AA63-97DC-4359-BC01-FFD4B14E33CA}.Debug|x64.ActiveCfg = Debug|x64
		{B8B5AA63-97DC-4359-BC01-FFD4B14E33CA}.Debug|x64.Build.0 = Debug|x64
		{B8B5AA63-97DC-4359-BC01-FFD4B14E33CA}.Debug|x86.ActiveCfg = Debug|Win32
		{B8B5AA63-97DC-4359-BC01-FFD4B14E33CA}.Debug|x86.Build.0 = Debug|Win32
		{B8B5AA63-97DC-4359-BC01-FFD4B14E33CA}.Release|x64.ActiveCfg = Release|x64
		{B8B5AA63-97DC-4359-BC01-FFD4B14E33CA}.Release|x64.Build.0 = Release|x64
		{B8B5AA63-97DC-4359-BC01-FFD4B14E33CA}.Release|x86.ActiveCfg = Release|Win32
		{B8B5AA63-97DC-4359-BC01-FFD4B14E33CA}.Release|x86.Build.0 = Release|Win32
		{B9FAD93D-D5B6-4879-9BE1-DD128267FCBE}.Debug|x64.ActiveCfg = Debug|x64
		{B9FAD93D-D5B6-4879-9BE1-DD128267FCBE}.Debug|x64.Build.0 = Debug|x64
		{B9FAD93D-D5B6-4879-9BE1-DD128267FCBE}.Debug|x86.ActiveCfg = Debug|Win32
		{B9FAD93D-D5B6-4879-9BE1-DD128267FCBE}.Debug|x86.Build.0 = Debug|Win32
		{B9FAD93D-D5B6-4879-9BE1-DD128267FCBE}.Release|x64.ActiveCfg = Release|x64
		{B9FAD93D-D5B6-4879-9BE1-DD128267FCBE}.Release|x64.Build.0 = Release|x64
		{B9FAD93D-D5B6-4879-9BE1-DD128267FCBE}.Release|x86.ActiveCfg = Release|Win32
		{B9FAD93D-D5B6-4879-9BE1-DD128267FCBE}.Release|x86.Build.0 = Release|Win32
	EndGlobalSection
	GlobalSection(SolutionProperties) = preSolution
		HideSolutionNode = FALSE
	EndGlobalSection
	GlobalSection(ExtensibilityGlobals) = postSolution
		SolutionGuid = {A1D3259F-DFAA-47DE-BF1A-2D82BE40079B}
	EndGlobalSection
EndGlobal
