
Microsoft Visual Studio Solution File, Format Version 12.00
# Visual Studio 15
VisualStudioVersion = 15.0.27130.2027
MinimumVisualStudioVersion = 10.0.40219.1
Project("{8BC9CEB8-8B4A-11D0-8D11-00A0C91BC942}") = "Project2", "Project2\Project2.vcxproj", "{297C6576-29A6-42FF-BB9D-44550406BEA9}"
EndProject
Global
	GlobalSection(SolutionConfigurationPlatforms) = preSolution
		Debug|x64 = Debug|x64
		Debug|x86 = Debug|x86
		Release|x64 = Release|x64
		Release|x86 = Release|x86
	EndGlobalSection
	GlobalSection(ProjectConfigurationPlatforms) = postSolution
		{297C6576-29A6-42FF-BB9D-44550406BEA9}.Debug|x64.ActiveCfg = Debug|x64
		{297C6576-29A6-42FF-BB9D-44550406BEA9}.Debug|x64.Build.0 = Debug|x64
		{297C6576-29A6-42FF-BB9D-44550406BEA9}.Debug|x86.ActiveCfg = Debug|Win32
		{297C6576-29A6-42FF-BB9D-44550406BEA9}.Debug|x86.Build.0 = Debug|Win32
		{297C6576-29A6-42FF-BB9D-44550406BEA9}.Release|x64.ActiveCfg = Release|x64
		{297C6576-29A6-42FF-BB9D-44550406BEA9}.Release|x64.Build.0 = Release|x64
		{297C6576-29A6-42FF-BB9D-44550406BEA9}.Release|x86.ActiveCfg = Release|Win32
		{297C6576-29A6-42FF-BB9D-44550406BEA9}.Release|x86.Build.0 = Release|Win32
	EndGlobalSection
	GlobalSection(SolutionProperties) = preSolution
		HideSolutionNode = FALSE
	EndGlobalSection
	GlobalSection(ExtensibilityGlobals) = postSolution
		SolutionGuid = {CCF3A170-2021-49A1-B58B-1058046DAB59}
	EndGlobalSection
EndGlobal
